
Microsoft Visual Studio Solution File, Format Version 12.00
# Visual Studio Version 17
VisualStudioVersion = 17.1.32319.34
MinimumVisualStudioVersion = 10.0.40219.1
Project("{9A19103F-16F7-4668-BE54-9A1E7A4F7556}") = "Tasks.FunctionApp", "Tasks.FunctionApp\Tasks.FunctionApp.csproj", "{39C7CA28-A1C1-43FA-8355-49007C1B307B}"
EndProject
Project("{FAE04EC0-301F-11D3-BF4B-00C04F79EFBC}") = "EFCore.FunctionApp", "EFCore.FunctionApp\EFCore.FunctionApp.csproj", "{BB32AE70-4C6B-4B4E-9D49-2FBE6718EB17}"
EndProject
Global
	GlobalSection(SolutionConfigurationPlatforms) = preSolution
		Debug|Any CPU = Debug|Any CPU
		Release|Any CPU = Release|Any CPU
	EndGlobalSection
	GlobalSection(ProjectConfigurationPlatforms) = postSolution
		{39C7CA28-A1C1-43FA-8355-49007C1B307B}.Debug|Any CPU.ActiveCfg = Debug|Any CPU
		{39C7CA28-A1C1-43FA-8355-49007C1B307B}.Debug|Any CPU.Build.0 = Debug|Any CPU
		{39C7CA28-A1C1-43FA-8355-49007C1B307B}.Release|Any CPU.ActiveCfg = Release|Any CPU
		{39C7CA28-A1C1-43FA-8355-49007C1B307B}.Release|Any CPU.Build.0 = Release|Any CPU
		{BB32AE70-4C6B-4B4E-9D49-2FBE6718EB17}.Debug|Any CPU.ActiveCfg = Debug|Any CPU
		{BB32AE70-4C6B-4B4E-9D49-2FBE6718EB17}.Debug|Any CPU.Build.0 = Debug|Any CPU
		{BB32AE70-4C6B-4B4E-9D49-2FBE6718EB17}.Release|Any CPU.ActiveCfg = Release|Any CPU
		{BB32AE70-4C6B-4B4E-9D49-2FBE6718EB17}.Release|Any CPU.Build.0 = Release|Any CPU
	EndGlobalSection
	GlobalSection(SolutionProperties) = preSolution
		HideSolutionNode = FALSE
	EndGlobalSection
	GlobalSection(ExtensibilityGlobals) = postSolution
		SolutionGuid = {E40E4E4E-9618-441D-9CDB-772F0B70F29C}
	EndGlobalSection
EndGlobal
